// !$*UTF8*$!
{
	archiveVersion = 1;
	classes = {
	};
	objectVersion = 56;
	objects = {

/* Begin PBXBuildFile section */
		0767E3782BB4522300337215 /* Set.extension.swift in Sources */ = {isa = PBXBuildFile; fileRef = 0767E3772BB4522300337215 /* Set.extension.swift */; };
		07B981AD2BB2E3B80022E146 /* AppDelegate.swift in Sources */ = {isa = PBXBuildFile; fileRef = 07B981AC2BB2E3B80022E146 /* AppDelegate.swift */; };
		07B981AF2BB2E3B80022E146 /* SceneDelegate.swift in Sources */ = {isa = PBXBuildFile; fileRef = 07B981AE2BB2E3B80022E146 /* SceneDelegate.swift */; };
		07B981B62BB2E3BA0022E146 /* Assets.xcassets in Resources */ = {isa = PBXBuildFile; fileRef = 07B981B52BB2E3BA0022E146 /* Assets.xcassets */; };
		07B981B92BB2E3BA0022E146 /* LaunchScreen.storyboard in Resources */ = {isa = PBXBuildFile; fileRef = 07B981B72BB2E3BA0022E146 /* LaunchScreen.storyboard */; };
		07B981C62BB2E8040022E146 /* Human.swift in Sources */ = {isa = PBXBuildFile; fileRef = 07B981C52BB2E8040022E146 /* Human.swift */; };
		07B981C82BB2E89A0022E146 /* Configuration.swift in Sources */ = {isa = PBXBuildFile; fileRef = 07B981C72BB2E89A0022E146 /* Configuration.swift */; };
		07B981D22BB2E9910022E146 /* HomeViewController.swift in Sources */ = {isa = PBXBuildFile; fileRef = 07B981CD2BB2E9910022E146 /* HomeViewController.swift */; };
		07B981D62BB2F2150022E146 /* UITextField.extension.swift in Sources */ = {isa = PBXBuildFile; fileRef = 07B981D52BB2F2150022E146 /* UITextField.extension.swift */; };
		07B981E02BB2FEA50022E146 /* SimulatorViewController.swift in Sources */ = {isa = PBXBuildFile; fileRef = 07B981DB2BB2FEA50022E146 /* SimulatorViewController.swift */; };
		07B981E42BB304FA0022E146 /* HumanCell.swift in Sources */ = {isa = PBXBuildFile; fileRef = 07B981E32BB304FA0022E146 /* HumanCell.swift */; };
		07B981E62BB307560022E146 /* Group.swift in Sources */ = {isa = PBXBuildFile; fileRef = 07B981E52BB307560022E146 /* Group.swift */; };
		07FF4F992BB35D7A003ED9A4 /* Position.swift in Sources */ = {isa = PBXBuildFile; fileRef = 07FF4F982BB35D7A003ED9A4 /* Position.swift */; };
/* End PBXBuildFile section */

/* Begin PBXFileReference section */
		0767E3772BB4522300337215 /* Set.extension.swift */ = {isa = PBXFileReference; lastKnownFileType = sourcecode.swift; path = Set.extension.swift; sourceTree = "<group>"; };
		07B981A92BB2E3B80022E146 /* VKBite.app */ = {isa = PBXFileReference; explicitFileType = wrapper.application; includeInIndex = 0; path = VKBite.app; sourceTree = BUILT_PRODUCTS_DIR; };
		07B981AC2BB2E3B80022E146 /* AppDelegate.swift */ = {isa = PBXFileReference; lastKnownFileType = sourcecode.swift; path = AppDelegate.swift; sourceTree = "<group>"; };
		07B981AE2BB2E3B80022E146 /* SceneDelegate.swift */ = {isa = PBXFileReference; lastKnownFileType = sourcecode.swift; path = SceneDelegate.swift; sourceTree = "<group>"; };
		07B981B52BB2E3BA0022E146 /* Assets.xcassets */ = {isa = PBXFileReference; lastKnownFileType = folder.assetcatalog; path = Assets.xcassets; sourceTree = "<group>"; };
		07B981B82BB2E3BA0022E146 /* Base */ = {isa = PBXFileReference; lastKnownFileType = file.storyboard; name = Base; path = Base.lproj/LaunchScreen.storyboard; sourceTree = "<group>"; };
		07B981BA2BB2E3BA0022E146 /* Info.plist */ = {isa = PBXFileReference; lastKnownFileType = text.plist.xml; path = Info.plist; sourceTree = "<group>"; };
		07B981C52BB2E8040022E146 /* Human.swift */ = {isa = PBXFileReference; lastKnownFileType = sourcecode.swift; path = Human.swift; sourceTree = "<group>"; };
		07B981C72BB2E89A0022E146 /* Configuration.swift */ = {isa = PBXFileReference; lastKnownFileType = sourcecode.swift; path = Configuration.swift; sourceTree = "<group>"; };
		07B981CD2BB2E9910022E146 /* HomeViewController.swift */ = {isa = PBXFileReference; lastKnownFileType = sourcecode.swift; path = HomeViewController.swift; sourceTree = "<group>"; };
		07B981D52BB2F2150022E146 /* UITextField.extension.swift */ = {isa = PBXFileReference; lastKnownFileType = sourcecode.swift; path = UITextField.extension.swift; sourceTree = "<group>"; };
		07B981DB2BB2FEA50022E146 /* SimulatorViewController.swift */ = {isa = PBXFileReference; lastKnownFileType = sourcecode.swift; path = SimulatorViewController.swift; sourceTree = "<group>"; };
		07B981E32BB304FA0022E146 /* HumanCell.swift */ = {isa = PBXFileReference; lastKnownFileType = sourcecode.swift; path = HumanCell.swift; sourceTree = "<group>"; };
		07B981E52BB307560022E146 /* Group.swift */ = {isa = PBXFileReference; lastKnownFileType = sourcecode.swift; path = Group.swift; sourceTree = "<group>"; };
		07FF4F982BB35D7A003ED9A4 /* Position.swift */ = {isa = PBXFileReference; lastKnownFileType = sourcecode.swift; path = Position.swift; sourceTree = "<group>"; };
/* End PBXFileReference section */

/* Begin PBXFrameworksBuildPhase section */
		07B981A62BB2E3B80022E146 /* Frameworks */ = {
			isa = PBXFrameworksBuildPhase;
			buildActionMask = 2147483647;
			files = (
			);
			runOnlyForDeploymentPostprocessing = 0;
		};
/* End PBXFrameworksBuildPhase section */

/* Begin PBXGroup section */
		0767E39B2BB45B7600337215 /* Controller */ = {
			isa = PBXGroup;
			children = (
				07B981CD2BB2E9910022E146 /* HomeViewController.swift */,
				07B981DB2BB2FEA50022E146 /* SimulatorViewController.swift */,
			);
			path = Controller;
			sourceTree = "<group>";
		};
		07B981A02BB2E3B80022E146 = {
			isa = PBXGroup;
			children = (
				07B981AB2BB2E3B80022E146 /* VKBite */,
				07B981AA2BB2E3B80022E146 /* Products */,
			);
			sourceTree = "<group>";
		};
		07B981AA2BB2E3B80022E146 /* Products */ = {
			isa = PBXGroup;
			children = (
				07B981A92BB2E3B80022E146 /* VKBite.app */,
			);
			name = Products;
			sourceTree = "<group>";
		};
		07B981AB2BB2E3B80022E146 /* VKBite */ = {
			isa = PBXGroup;
			children = (
				07B981C22BB2E5080022E146 /* Model */,
				07B981E22BB304D80022E146 /* View */,
				0767E39B2BB45B7600337215 /* Controller */,
				07B981D42BB2F1FA0022E146 /* Extensions */,
				07B981C02BB2E4E60022E146 /* Application */,
				07B981C12BB2E4FC0022E146 /* Recources */,
			);
			path = VKBite;
			sourceTree = "<group>";
		};
		07B981C02BB2E4E60022E146 /* Application */ = {
			isa = PBXGroup;
			children = (
				07B981AC2BB2E3B80022E146 /* AppDelegate.swift */,
				07B981AE2BB2E3B80022E146 /* SceneDelegate.swift */,
				07B981BA2BB2E3BA0022E146 /* Info.plist */,
			);
			path = Application;
			sourceTree = "<group>";
		};
		07B981C12BB2E4FC0022E146 /* Recources */ = {
			isa = PBXGroup;
			children = (
				07B981B52BB2E3BA0022E146 /* Assets.xcassets */,
				07B981B72BB2E3BA0022E146 /* LaunchScreen.storyboard */,
			);
			path = Recources;
			sourceTree = "<group>";
		};
		07B981C22BB2E5080022E146 /* Model */ = {
			isa = PBXGroup;
			children = (
				07B981C72BB2E89A0022E146 /* Configuration.swift */,
				07B981E52BB307560022E146 /* Group.swift */,
				07B981C52BB2E8040022E146 /* Human.swift */,
				07FF4F982BB35D7A003ED9A4 /* Position.swift */,
			);
			path = Model;
			sourceTree = "<group>";
		};
		07B981D42BB2F1FA0022E146 /* Extensions */ = {
			isa = PBXGroup;
			children = (
				07B981D52BB2F2150022E146 /* UITextField.extension.swift */,
				0767E3772BB4522300337215 /* Set.extension.swift */,
			);
			path = Extensions;
			sourceTree = "<group>";
		};
		07B981E22BB304D80022E146 /* View */ = {
			isa = PBXGroup;
			children = (
				07B981E32BB304FA0022E146 /* HumanCell.swift */,
			);
			path = View;
			sourceTree = "<group>";
		};
/* End PBXGroup section */

/* Begin PBXNativeTarget section */
		07B981A82BB2E3B80022E146 /* VKBite */ = {
			isa = PBXNativeTarget;
			buildConfigurationList = 07B981BD2BB2E3BA0022E146 /* Build configuration list for PBXNativeTarget "VKBite" */;
			buildPhases = (
				07B981A52BB2E3B80022E146 /* Sources */,
				07B981A62BB2E3B80022E146 /* Frameworks */,
				07B981A72BB2E3B80022E146 /* Resources */,
			);
			buildRules = (
			);
			dependencies = (
			);
			name = VKBite;
			productName = VKBite;
			productReference = 07B981A92BB2E3B80022E146 /* VKBite.app */;
			productType = "com.apple.product-type.application";
		};
/* End PBXNativeTarget section */

/* Begin PBXProject section */
		07B981A12BB2E3B80022E146 /* Project object */ = {
			isa = PBXProject;
			attributes = {
				BuildIndependentTargetsInParallel = 1;
				LastSwiftUpdateCheck = 1500;
				LastUpgradeCheck = 1500;
				TargetAttributes = {
					07B981A82BB2E3B80022E146 = {
						CreatedOnToolsVersion = 15.0.1;
					};
				};
			};
			buildConfigurationList = 07B981A42BB2E3B80022E146 /* Build configuration list for PBXProject "VKBite" */;
			compatibilityVersion = "Xcode 14.0";
			developmentRegion = en;
			hasScannedForEncodings = 0;
			knownRegions = (
				en,
				Base,
			);
			mainGroup = 07B981A02BB2E3B80022E146;
			productRefGroup = 07B981AA2BB2E3B80022E146 /* Products */;
			projectDirPath = "";
			projectRoot = "";
			targets = (
				07B981A82BB2E3B80022E146 /* VKBite */,
			);
		};
/* End PBXProject section */

/* Begin PBXResourcesBuildPhase section */
		07B981A72BB2E3B80022E146 /* Resources */ = {
			isa = PBXResourcesBuildPhase;
			buildActionMask = 2147483647;
			files = (
				07B981B92BB2E3BA0022E146 /* LaunchScreen.storyboard in Resources */,
				07B981B62BB2E3BA0022E146 /* Assets.xcassets in Resources */,
			);
			runOnlyForDeploymentPostprocessing = 0;
		};
/* End PBXResourcesBuildPhase section */

/* Begin PBXSourcesBuildPhase section */
		07B981A52BB2E3B80022E146 /* Sources */ = {
			isa = PBXSourcesBuildPhase;
			buildActionMask = 2147483647;
			files = (
				0767E3782BB4522300337215 /* Set.extension.swift in Sources */,
				07B981D62BB2F2150022E146 /* UITextField.extension.swift in Sources */,
				07B981E62BB307560022E146 /* Group.swift in Sources */,
				07B981C82BB2E89A0022E146 /* Configuration.swift in Sources */,
				07FF4F992BB35D7A003ED9A4 /* Position.swift in Sources */,
				07B981E42BB304FA0022E146 /* HumanCell.swift in Sources */,
				07B981AD2BB2E3B80022E146 /* AppDelegate.swift in Sources */,
				07B981D22BB2E9910022E146 /* HomeViewController.swift in Sources */,
				07B981E02BB2FEA50022E146 /* SimulatorViewController.swift in Sources */,
				07B981AF2BB2E3B80022E146 /* SceneDelegate.swift in Sources */,
				07B981C62BB2E8040022E146 /* Human.swift in Sources */,
			);
			runOnlyForDeploymentPostprocessing = 0;
		};
/* End PBXSourcesBuildPhase section */

/* Begin PBXVariantGroup section */
		07B981B72BB2E3BA0022E146 /* LaunchScreen.storyboard */ = {
			isa = PBXVariantGroup;
			children = (
				07B981B82BB2E3BA0022E146 /* Base */,
			);
			name = LaunchScreen.storyboard;
			sourceTree = "<group>";
		};
/* End PBXVariantGroup section */

/* Begin XCBuildConfiguration section */
		07B981BB2BB2E3BA0022E146 /* Debug */ = {
			isa = XCBuildConfiguration;
			buildSettings = {
				ALWAYS_SEARCH_USER_PATHS = NO;
				ASSETCATALOG_COMPILER_GENERATE_SWIFT_ASSET_SYMBOL_EXTENSIONS = YES;
				CLANG_ANALYZER_NONNULL = YES;
				CLANG_ANALYZER_NUMBER_OBJECT_CONVERSION = YES_AGGRESSIVE;
				CLANG_CXX_LANGUAGE_STANDARD = "gnu++20";
				CLANG_ENABLE_MODULES = YES;
				CLANG_ENABLE_OBJC_ARC = YES;
				CLANG_ENABLE_OBJC_WEAK = YES;
				CLANG_WARN_BLOCK_CAPTURE_AUTORELEASING = YES;
				CLANG_WARN_BOOL_CONVERSION = YES;
				CLANG_WARN_COMMA = YES;
				CLANG_WARN_CONSTANT_CONVERSION = YES;
				CLANG_WARN_DEPRECATED_OBJC_IMPLEMENTATIONS = YES;
				CLANG_WARN_DIRECT_OBJC_ISA_USAGE = YES_ERROR;
				CLANG_WARN_DOCUMENTATION_COMMENTS = YES;
				CLANG_WARN_EMPTY_BODY = YES;
				CLANG_WARN_ENUM_CONVERSION = YES;
				CLANG_WARN_INFINITE_RECURSION = YES;
				CLANG_WARN_INT_CONVERSION = YES;
				CLANG_WARN_NON_LITERAL_NULL_CONVERSION = YES;
				CLANG_WARN_OBJC_IMPLICIT_RETAIN_SELF = YES;
				CLANG_WARN_OBJC_LITERAL_CONVERSION = YES;
				CLANG_WARN_OBJC_ROOT_CLASS = YES_ERROR;
				CLANG_WARN_QUOTED_INCLUDE_IN_FRAMEWORK_HEADER = YES;
				CLANG_WARN_RANGE_LOOP_ANALYSIS = YES;
				CLANG_WARN_STRICT_PROTOTYPES = YES;
				CLANG_WARN_SUSPICIOUS_MOVE = YES;
				CLANG_WARN_UNGUARDED_AVAILABILITY = YES_AGGRESSIVE;
				CLANG_WARN_UNREACHABLE_CODE = YES;
				CLANG_WARN__DUPLICATE_METHOD_MATCH = YES;
				COPY_PHASE_STRIP = NO;
				DEBUG_INFORMATION_FORMAT = dwarf;
				ENABLE_STRICT_OBJC_MSGSEND = YES;
				ENABLE_TESTABILITY = YES;
				ENABLE_USER_SCRIPT_SANDBOXING = YES;
				GCC_C_LANGUAGE_STANDARD = gnu17;
				GCC_DYNAMIC_NO_PIC = NO;
				GCC_NO_COMMON_BLOCKS = YES;
				GCC_OPTIMIZATION_LEVEL = 0;
				GCC_PREPROCESSOR_DEFINITIONS = (
					"DEBUG=1",
					"$(inherited)",
				);
				GCC_WARN_64_TO_32_BIT_CONVERSION = YES;
				GCC_WARN_ABOUT_RETURN_TYPE = YES_ERROR;
				GCC_WARN_UNDECLARED_SELECTOR = YES;
				GCC_WARN_UNINITIALIZED_AUTOS = YES_AGGRESSIVE;
				GCC_WARN_UNUSED_FUNCTION = YES;
				GCC_WARN_UNUSED_VARIABLE = YES;
				IPHONEOS_DEPLOYMENT_TARGET = 17.0;
				LOCALIZATION_PREFERS_STRING_CATALOGS = YES;
				MTL_ENABLE_DEBUG_INFO = INCLUDE_SOURCE;
				MTL_FAST_MATH = YES;
				ONLY_ACTIVE_ARCH = YES;
				SDKROOT = iphoneos;
				SWIFT_ACTIVE_COMPILATION_CONDITIONS = "DEBUG $(inherited)";
				SWIFT_OPTIMIZATION_LEVEL = "-Onone";
			};
			name = Debug;
		};
		07B981BC2BB2E3BA0022E146 /* Release */ = {
			isa = XCBuildConfiguration;
			buildSettings = {
				ALWAYS_SEARCH_USER_PATHS = NO;
				ASSETCATALOG_COMPILER_GENERATE_SWIFT_ASSET_SYMBOL_EXTENSIONS = YES;
				CLANG_ANALYZER_NONNULL = YES;
				CLANG_ANALYZER_NUMBER_OBJECT_CONVERSION = YES_AGGRESSIVE;
				CLANG_CXX_LANGUAGE_STANDARD = "gnu++20";
				CLANG_ENABLE_MODULES = YES;
				CLANG_ENABLE_OBJC_ARC = YES;
				CLANG_ENABLE_OBJC_WEAK = YES;
				CLANG_WARN_BLOCK_CAPTURE_AUTORELEASING = YES;
				CLANG_WARN_BOOL_CONVERSION = YES;
				CLANG_WARN_COMMA = YES;
				CLANG_WARN_CONSTANT_CONVERSION = YES;
				CLANG_WARN_DEPRECATED_OBJC_IMPLEMENTATIONS = YES;
				CLANG_WARN_DIRECT_OBJC_ISA_USAGE = YES_ERROR;
				CLANG_WARN_DOCUMENTATION_COMMENTS = YES;
				CLANG_WARN_EMPTY_BODY = YES;
				CLANG_WARN_ENUM_CONVERSION = YES;
				CLANG_WARN_INFINITE_RECURSION = YES;
				CLANG_WARN_INT_CONVERSION = YES;
				CLANG_WARN_NON_LITERAL_NULL_CONVERSION = YES;
				CLANG_WARN_OBJC_IMPLICIT_RETAIN_SELF = YES;
				CLANG_WARN_OBJC_LITERAL_CONVERSION = YES;
				CLANG_WARN_OBJC_ROOT_CLASS = YES_ERROR;
				CLANG_WARN_QUOTED_INCLUDE_IN_FRAMEWORK_HEADER = YES;
				CLANG_WARN_RANGE_LOOP_ANALYSIS = YES;
				CLANG_WARN_STRICT_PROTOTYPES = YES;
				CLANG_WARN_SUSPICIOUS_MOVE = YES;
				CLANG_WARN_UNGUARDED_AVAILABILITY = YES_AGGRESSIVE;
				CLANG_WARN_UNREACHABLE_CODE = YES;
				CLANG_WARN__DUPLICATE_METHOD_MATCH = YES;
				COPY_PHASE_STRIP = NO;
				DEBUG_INFORMATION_FORMAT = "dwarf-with-dsym";
				ENABLE_NS_ASSERTIONS = NO;
				ENABLE_STRICT_OBJC_MSGSEND = YES;
				ENABLE_USER_SCRIPT_SANDBOXING = YES;
				GCC_C_LANGUAGE_STANDARD = gnu17;
				GCC_NO_COMMON_BLOCKS = YES;
				GCC_WARN_64_TO_32_BIT_CONVERSION = YES;
				GCC_WARN_ABOUT_RETURN_TYPE = YES_ERROR;
				GCC_WARN_UNDECLARED_SELECTOR = YES;
				GCC_WARN_UNINITIALIZED_AUTOS = YES_AGGRESSIVE;
				GCC_WARN_UNUSED_FUNCTION = YES;
				GCC_WARN_UNUSED_VARIABLE = YES;
				IPHONEOS_DEPLOYMENT_TARGET = 17.0;
				LOCALIZATION_PREFERS_STRING_CATALOGS = YES;
				MTL_ENABLE_DEBUG_INFO = NO;
				MTL_FAST_MATH = YES;
				SDKROOT = iphoneos;
				SWIFT_COMPILATION_MODE = wholemodule;
				VALIDATE_PRODUCT = YES;
			};
			name = Release;
		};
		07B981BE2BB2E3BA0022E146 /* Debug */ = {
			isa = XCBuildConfiguration;
			buildSettings = {
				ASSETCATALOG_COMPILER_APPICON_NAME = AppIcon;
				ASSETCATALOG_COMPILER_GLOBAL_ACCENT_COLOR_NAME = AccentColor;
				CODE_SIGN_STYLE = Automatic;
				CURRENT_PROJECT_VERSION = 1;
				DEVELOPMENT_TEAM = LMKCFYYK23;
				GENERATE_INFOPLIST_FILE = YES;
				INFOPLIST_FILE = VKBite/Application/Info.plist;
				INFOPLIST_KEY_UIApplicationSupportsIndirectInputEvents = YES;
				INFOPLIST_KEY_UILaunchStoryboardName = LaunchScreen;
				INFOPLIST_KEY_UISupportedInterfaceOrientations = UIInterfaceOrientationPortrait;
				INFOPLIST_KEY_UISupportedInterfaceOrientations_iPad = "UIInterfaceOrientationLandscapeLeft UIInterfaceOrientationLandscapeRight UIInterfaceOrientationPortrait UIInterfaceOrientationPortraitUpsideDown";
				IPHONEOS_DEPLOYMENT_TARGET = 15.0;
				LD_RUNPATH_SEARCH_PATHS = (
					"$(inherited)",
					"@executable_path/Frameworks",
				);
				MARKETING_VERSION = 1.0;
				PRODUCT_BUNDLE_IDENTIFIER = "Usman-Mahmuthazhiev.VKBite";
				PRODUCT_NAME = "$(TARGET_NAME)";
				SUPPORTED_PLATFORMS = "iphoneos iphonesimulator";
				SUPPORTS_MACCATALYST = NO;
				SUPPORTS_MAC_DESIGNED_FOR_IPHONE_IPAD = NO;
				SWIFT_EMIT_LOC_STRINGS = YES;
				SWIFT_VERSION = 5.0;
				TARGETED_DEVICE_FAMILY = 1;
			};
			name = Debug;
		};
		07B981BF2BB2E3BA0022E146 /* Release */ = {
			isa = XCBuildConfiguration;
			buildSettings = {
				ASSETCATALOG_COMPILER_APPICON_NAME = AppIcon;
				ASSETCATALOG_COMPILER_GLOBAL_ACCENT_COLOR_NAME = AccentColor;
				CODE_SIGN_STYLE = Automatic;
				CURRENT_PROJECT_VERSION = 1;
				DEVELOPMENT_TEAM = LMKCFYYK23;
				GENERATE_INFOPLIST_FILE = YES;
				INFOPLIST_FILE = VKBite/Application/Info.plist;
				INFOPLIST_KEY_UIApplicationSupportsIndirectInputEvents = YES;
				INFOPLIST_KEY_UILaunchStoryboardName = LaunchScreen;
				INFOPLIST_KEY_UISupportedInterfaceOrientations = UIInterfaceOrientationPortrait;
				INFOPLIST_KEY_UISupportedInterfaceOrientations_iPad = "UIInterfaceOrientationLandscapeLeft UIInterfaceOrientationLandscapeRight UIInterfaceOrientationPortrait UIInterfaceOrientationPortraitUpsideDown";
				IPHONEOS_DEPLOYMENT_TARGET = 15.0;
				LD_RUNPATH_SEARCH_PATHS = (
					"$(inherited)",
					"@executable_path/Frameworks",
				);
				MARKETING_VERSION = 1.0;
				PRODUCT_BUNDLE_IDENTIFIER = "Usman-Mahmuthazhiev.VKBite";
				PRODUCT_NAME = "$(TARGET_NAME)";
				SUPPORTED_PLATFORMS = "iphoneos iphonesimulator";
				SUPPORTS_MACCATALYST = NO;
				SUPPORTS_MAC_DESIGNED_FOR_IPHONE_IPAD = NO;
				SWIFT_EMIT_LOC_STRINGS = YES;
				SWIFT_VERSION = 5.0;
				TARGETED_DEVICE_FAMILY = 1;
			};
			name = Release;
		};
/* End XCBuildConfiguration section */

/* Begin XCConfigurationList section */
		07B981A42BB2E3B80022E146 /* Build configuration list for PBXProject "VKBite" */ = {
			isa = XCConfigurationList;
			buildConfigurations = (
				07B981BB2BB2E3BA0022E146 /* Debug */,
				07B981BC2BB2E3BA0022E146 /* Release */,
			);
			defaultConfigurationIsVisible = 0;
			defaultConfigurationName = Release;
		};
		07B981BD2BB2E3BA0022E146 /* Build configuration list for PBXNativeTarget "VKBite" */ = {
			isa = XCConfigurationList;
			buildConfigurations = (
				07B981BE2BB2E3BA0022E146 /* Debug */,
				07B981BF2BB2E3BA0022E146 /* Release */,
			);
			defaultConfigurationIsVisible = 0;
			defaultConfigurationName = Release;
		};
/* End XCConfigurationList section */
	};
	rootObject = 07B981A12BB2E3B80022E146 /* Project object */;
}
